
Microsoft Visual Studio Solution File, Format Version 12.00
# Visual Studio Version 17
VisualStudioVersion = 17.0.31903.59
MinimumVisualStudioVersion = 10.0.40219.1
Project("{2150E333-8FDC-42A3-9474-1A3956D46DE8}") = "src", "src", "{17326186-7E07-4192-ADCC-A916612F5001}"
EndProject
Project("{2150E333-8FDC-42A3-9474-1A3956D46DE8}") = "Adapters", "Adapters", "{E3D3E0E4-D8E7-45CC-A269-2A1EE121E7E3}"
EndProject
Project("{FAE04EC0-301F-11D3-BF4B-00C04F79EFBC}") = "Api", "src\Adapters\Api\Api.csproj", "{F25012AB-2EB4-419B-8819-C310DDAE4832}"
EndProject
Project("{FAE04EC0-301F-11D3-BF4B-00C04F79EFBC}") = "Persistence", "src\Adapters\Persistence\Persistence.csproj", "{6D5AD5A6-C880-4E76-846B-30E6D6A3239E}"
EndProject
Project("{FAE04EC0-301F-11D3-BF4B-00C04F79EFBC}") = "ServiceBus", "src\Adapters\ServiceBus\ServiceBus.csproj", "{41B398F7-1583-4E96-8749-21546F6699D6}"
EndProject
Project("{2150E333-8FDC-42A3-9474-1A3956D46DE8}") = "Core", "Core", "{D09A0ECF-E0C6-4587-BA31-8062A4C2CD3D}"
EndProject
Project("{FAE04EC0-301F-11D3-BF4B-00C04F79EFBC}") = "Domain", "src\Core\Domain\Domain.csproj", "{B666F26C-164C-4D23-A1C2-EFA3B93F323E}"
EndProject
Project("{FAE04EC0-301F-11D3-BF4B-00C04F79EFBC}") = "Application", "src\Core\Application\Application.csproj", "{B0A06F30-65C4-420E-8C47-9F0D53114327}"
EndProject
Global
	GlobalSection(SolutionConfigurationPlatforms) = preSolution
		Debug|Any CPU = Debug|Any CPU
		Release|Any CPU = Release|Any CPU
	EndGlobalSection
	GlobalSection(SolutionProperties) = preSolution
		HideSolutionNode = FALSE
	EndGlobalSection
	GlobalSection(ProjectConfigurationPlatforms) = postSolution
		{F25012AB-2EB4-419B-8819-C310DDAE4832}.Debug|Any CPU.ActiveCfg = Debug|Any CPU
		{F25012AB-2EB4-419B-8819-C310DDAE4832}.Debug|Any CPU.Build.0 = Debug|Any CPU
		{F25012AB-2EB4-419B-8819-C310DDAE4832}.Release|Any CPU.ActiveCfg = Release|Any CPU
		{F25012AB-2EB4-419B-8819-C310DDAE4832}.Release|Any CPU.Build.0 = Release|Any CPU
		{6D5AD5A6-C880-4E76-846B-30E6D6A3239E}.Debug|Any CPU.ActiveCfg = Debug|Any CPU
		{6D5AD5A6-C880-4E76-846B-30E6D6A3239E}.Debug|Any CPU.Build.0 = Debug|Any CPU
		{6D5AD5A6-C880-4E76-846B-30E6D6A3239E}.Release|Any CPU.ActiveCfg = Release|Any CPU
		{6D5AD5A6-C880-4E76-846B-30E6D6A3239E}.Release|Any CPU.Build.0 = Release|Any CPU
		{41B398F7-1583-4E96-8749-21546F6699D6}.Debug|Any CPU.ActiveCfg = Debug|Any CPU
		{41B398F7-1583-4E96-8749-21546F6699D6}.Debug|Any CPU.Build.0 = Debug|Any CPU
		{41B398F7-1583-4E96-8749-21546F6699D6}.Release|Any CPU.ActiveCfg = Release|Any CPU
		{41B398F7-1583-4E96-8749-21546F6699D6}.Release|Any CPU.Build.0 = Release|Any CPU
		{B666F26C-164C-4D23-A1C2-EFA3B93F323E}.Debug|Any CPU.ActiveCfg = Debug|Any CPU
		{B666F26C-164C-4D23-A1C2-EFA3B93F323E}.Debug|Any CPU.Build.0 = Debug|Any CPU
		{B666F26C-164C-4D23-A1C2-EFA3B93F323E}.Release|Any CPU.ActiveCfg = Release|Any CPU
		{B666F26C-164C-4D23-A1C2-EFA3B93F323E}.Release|Any CPU.Build.0 = Release|Any CPU
		{B0A06F30-65C4-420E-8C47-9F0D53114327}.Debug|Any CPU.ActiveCfg = Debug|Any CPU
		{B0A06F30-65C4-420E-8C47-9F0D53114327}.Debug|Any CPU.Build.0 = Debug|Any CPU
		{B0A06F30-65C4-420E-8C47-9F0D53114327}.Release|Any CPU.ActiveCfg = Release|Any CPU
		{B0A06F30-65C4-420E-8C47-9F0D53114327}.Release|Any CPU.Build.0 = Release|Any CPU
	EndGlobalSection
	GlobalSection(NestedProjects) = preSolution
		{E3D3E0E4-D8E7-45CC-A269-2A1EE121E7E3} = {17326186-7E07-4192-ADCC-A916612F5001}
		{F25012AB-2EB4-419B-8819-C310DDAE4832} = {E3D3E0E4-D8E7-45CC-A269-2A1EE121E7E3}
		{6D5AD5A6-C880-4E76-846B-30E6D6A3239E} = {E3D3E0E4-D8E7-45CC-A269-2A1EE121E7E3}
		{41B398F7-1583-4E96-8749-21546F6699D6} = {E3D3E0E4-D8E7-45CC-A269-2A1EE121E7E3}
		{D09A0ECF-E0C6-4587-BA31-8062A4C2CD3D} = {17326186-7E07-4192-ADCC-A916612F5001}
		{B666F26C-164C-4D23-A1C2-EFA3B93F323E} = {D09A0ECF-E0C6-4587-BA31-8062A4C2CD3D}
		{B0A06F30-65C4-420E-8C47-9F0D53114327} = {D09A0ECF-E0C6-4587-BA31-8062A4C2CD3D}
	EndGlobalSection
EndGlobal
